
Microsoft Visual Studio Solution File, Format Version 12.00
# Visual Studio 14
VisualStudioVersion = 14.0.25420.1
MinimumVisualStudioVersion = 10.0.40219.1
Project("{2150E333-8FDC-42A3-9474-1A3956D46DE8}") = "src", "src", "{A8053CE3-B940-4745-BE60-F26EFB6CBE4E}"
EndProject
Project("{8BB2217D-0F2D-49D1-97BC-3654ED321F3B}") = "Hackathon.Beuth.Server", "src\Hackathon.Beuth.Server\Hackathon.Beuth.Server.xproj", "{562E7F1C-F674-4D97-9519-233D719FA5ED}"
EndProject
Project("{FAE04EC0-301F-11D3-BF4B-00C04F79EFBC}") = "Hackathon.Beuth.Client.Droid", "src\Hackathon.Beuth.Client\Hackathon.Beuth.Client.Droid\Hackathon.Beuth.Client.Droid.csproj", "{5396FEC2-DE4F-448D-81AE-45AA3F234872}"
EndProject
Project("{FAE04EC0-301F-11D3-BF4B-00C04F79EFBC}") = "Hackathon.Beuth.Client", "src\Hackathon.Beuth.Client\Hackathon.Beuth.Client\Hackathon.Beuth.Client.csproj", "{DD470D69-6BC8-4711-B253-7A94DF8A7A2D}"
EndProject
Global
	GlobalSection(SolutionConfigurationPlatforms) = preSolution
		Ad-Hoc|Any CPU = Ad-Hoc|Any CPU
		Ad-Hoc|ARM = Ad-Hoc|ARM
		Ad-Hoc|iPhone = Ad-Hoc|iPhone
		Ad-Hoc|iPhoneSimulator = Ad-Hoc|iPhoneSimulator
		Ad-Hoc|x64 = Ad-Hoc|x64
		Ad-Hoc|x86 = Ad-Hoc|x86
		AppStore|Any CPU = AppStore|Any CPU
		AppStore|ARM = AppStore|ARM
		AppStore|iPhone = AppStore|iPhone
		AppStore|iPhoneSimulator = AppStore|iPhoneSimulator
		AppStore|x64 = AppStore|x64
		AppStore|x86 = AppStore|x86
		Debug|Any CPU = Debug|Any CPU
		Debug|ARM = Debug|ARM
		Debug|iPhone = Debug|iPhone
		Debug|iPhoneSimulator = Debug|iPhoneSimulator
		Debug|x64 = Debug|x64
		Debug|x86 = Debug|x86
		Release|Any CPU = Release|Any CPU
		Release|ARM = Release|ARM
		Release|iPhone = Release|iPhone
		Release|iPhoneSimulator = Release|iPhoneSimulator
		Release|x64 = Release|x64
		Release|x86 = Release|x86
	EndGlobalSection
	GlobalSection(ProjectConfigurationPlatforms) = postSolution
		{562E7F1C-F674-4D97-9519-233D719FA5ED}.Ad-Hoc|Any CPU.ActiveCfg = Debug|Any CPU
		{562E7F1C-F674-4D97-9519-233D719FA5ED}.Ad-Hoc|Any CPU.Build.0 = Debug|Any CPU
		{562E7F1C-F674-4D97-9519-233D719FA5ED}.Ad-Hoc|ARM.ActiveCfg = Debug|Any CPU
		{562E7F1C-F674-4D97-9519-233D719FA5ED}.Ad-Hoc|ARM.Build.0 = Debug|Any CPU
		{562E7F1C-F674-4D97-9519-233D719FA5ED}.Ad-Hoc|iPhone.ActiveCfg = Debug|Any CPU
		{562E7F1C-F674-4D97-9519-233D719FA5ED}.Ad-Hoc|iPhone.Build.0 = Debug|Any CPU
		{562E7F1C-F674-4D97-9519-233D719FA5ED}.Ad-Hoc|iPhoneSimulator.ActiveCfg = Debug|Any CPU
		{562E7F1C-F674-4D97-9519-233D719FA5ED}.Ad-Hoc|iPhoneSimulator.Build.0 = Debug|Any CPU
		{562E7F1C-F674-4D97-9519-233D719FA5ED}.Ad-Hoc|x64.ActiveCfg = Debug|Any CPU
		{562E7F1C-F674-4D97-9519-233D719FA5ED}.Ad-Hoc|x64.Build.0 = Debug|Any CPU
		{562E7F1C-F674-4D97-9519-233D719FA5ED}.Ad-Hoc|x86.ActiveCfg = Debug|Any CPU
		{562E7F1C-F674-4D97-9519-233D719FA5ED}.Ad-Hoc|x86.Build.0 = Debug|Any CPU
		{562E7F1C-F674-4D97-9519-233D719FA5ED}.AppStore|Any CPU.ActiveCfg = Debug|Any CPU
		{562E7F1C-F674-4D97-9519-233D719FA5ED}.AppStore|Any CPU.Build.0 = Debug|Any CPU
		{562E7F1C-F674-4D97-9519-233D719FA5ED}.AppStore|ARM.ActiveCfg = Debug|Any CPU
		{562E7F1C-F674-4D97-9519-233D719FA5ED}.AppStore|ARM.Build.0 = Debug|Any CPU
		{562E7F1C-F674-4D97-9519-233D719FA5ED}.AppStore|iPhone.ActiveCfg = Debug|Any CPU
		{562E7F1C-F674-4D97-9519-233D719FA5ED}.AppStore|iPhone.Build.0 = Debug|Any CPU
		{562E7F1C-F674-4D97-9519-233D719FA5ED}.AppStore|iPhoneSimulator.ActiveCfg = Debug|Any CPU
		{562E7F1C-F674-4D97-9519-233D719FA5ED}.AppStore|iPhoneSimulator.Build.0 = Debug|Any CPU
		{562E7F1C-F674-4D97-9519-233D719FA5ED}.AppStore|x64.ActiveCfg = Debug|Any CPU
		{562E7F1C-F674-4D97-9519-233D719FA5ED}.AppStore|x64.Build.0 = Debug|Any CPU
		{562E7F1C-F674-4D97-9519-233D719FA5ED}.AppStore|x86.ActiveCfg = Debug|Any CPU
		{562E7F1C-F674-4D97-9519-233D719FA5ED}.AppStore|x86.Build.0 = Debug|Any CPU
		{562E7F1C-F674-4D97-9519-233D719FA5ED}.Debug|Any CPU.ActiveCfg = Debug|Any CPU
		{562E7F1C-F674-4D97-9519-233D719FA5ED}.Debug|Any CPU.Build.0 = Debug|Any CPU
		{562E7F1C-F674-4D97-9519-233D719FA5ED}.Debug|ARM.ActiveCfg = Debug|Any CPU
		{562E7F1C-F674-4D97-9519-233D719FA5ED}.Debug|ARM.Build.0 = Debug|Any CPU
		{562E7F1C-F674-4D97-9519-233D719FA5ED}.Debug|iPhone.ActiveCfg = Debug|Any CPU
		{562E7F1C-F674-4D97-9519-233D719FA5ED}.Debug|iPhone.Build.0 = Debug|Any CPU
		{562E7F1C-F674-4D97-9519-233D719FA5ED}.Debug|iPhoneSimulator.ActiveCfg = Debug|Any CPU
		{562E7F1C-F674-4D97-9519-233D719FA5ED}.Debug|iPhoneSimulator.Build.0 = Debug|Any CPU
		{562E7F1C-F674-4D97-9519-233D719FA5ED}.Debug|x64.ActiveCfg = Debug|Any CPU
		{562E7F1C-F674-4D97-9519-233D719FA5ED}.Debug|x64.Build.0 = Debug|Any CPU
		{562E7F1C-F674-4D97-9519-233D719FA5ED}.Debug|x86.ActiveCfg = Debug|Any CPU
		{562E7F1C-F674-4D97-9519-233D719FA5ED}.Debug|x86.Build.0 = Debug|Any CPU
		{562E7F1C-F674-4D97-9519-233D719FA5ED}.Release|Any CPU.ActiveCfg = Release|Any CPU
		{562E7F1C-F674-4D97-9519-233D719FA5ED}.Release|Any CPU.Build.0 = Release|Any CPU
		{562E7F1C-F674-4D97-9519-233D719FA5ED}.Release|ARM.ActiveCfg = Release|Any CPU
		{562E7F1C-F674-4D97-9519-233D719FA5ED}.Release|ARM.Build.0 = Release|Any CPU
		{562E7F1C-F674-4D97-9519-233D719FA5ED}.Release|iPhone.ActiveCfg = Release|Any CPU
		{562E7F1C-F674-4D97-9519-233D719FA5ED}.Release|iPhone.Build.0 = Release|Any CPU
		{562E7F1C-F674-4D97-9519-233D719FA5ED}.Release|iPhoneSimulator.ActiveCfg = Release|Any CPU
		{562E7F1C-F674-4D97-9519-233D719FA5ED}.Release|iPhoneSimulator.Build.0 = Release|Any CPU
		{562E7F1C-F674-4D97-9519-233D719FA5ED}.Release|x64.ActiveCfg = Release|Any CPU
		{562E7F1C-F674-4D97-9519-233D719FA5ED}.Release|x64.Build.0 = Release|Any CPU
		{562E7F1C-F674-4D97-9519-233D719FA5ED}.Release|x86.ActiveCfg = Release|Any CPU
		{562E7F1C-F674-4D97-9519-233D719FA5ED}.Release|x86.Build.0 = Release|Any CPU
		{5396FEC2-DE4F-448D-81AE-45AA3F234872}.Ad-Hoc|Any CPU.ActiveCfg = Release|Any CPU
		{5396FEC2-DE4F-448D-81AE-45AA3F234872}.Ad-Hoc|Any CPU.Build.0 = Release|Any CPU
		{5396FEC2-DE4F-448D-81AE-45AA3F234872}.Ad-Hoc|Any CPU.Deploy.0 = Release|Any CPU
		{5396FEC2-DE4F-448D-81AE-45AA3F234872}.Ad-Hoc|ARM.ActiveCfg = Release|Any CPU
		{5396FEC2-DE4F-448D-81AE-45AA3F234872}.Ad-Hoc|ARM.Build.0 = Release|Any CPU
		{5396FEC2-DE4F-448D-81AE-45AA3F234872}.Ad-Hoc|ARM.Deploy.0 = Release|Any CPU
		{5396FEC2-DE4F-448D-81AE-45AA3F234872}.Ad-Hoc|iPhone.ActiveCfg = Release|Any CPU
		{5396FEC2-DE4F-448D-81AE-45AA3F234872}.Ad-Hoc|iPhone.Build.0 = Release|Any CPU
		{5396FEC2-DE4F-448D-81AE-45AA3F234872}.Ad-Hoc|iPhone.Deploy.0 = Release|Any CPU
		{5396FEC2-DE4F-448D-81AE-45AA3F234872}.Ad-Hoc|iPhoneSimulator.ActiveCfg = Release|Any CPU
		{5396FEC2-DE4F-448D-81AE-45AA3F234872}.Ad-Hoc|iPhoneSimulator.Build.0 = Release|Any CPU
		{5396FEC2-DE4F-448D-81AE-45AA3F234872}.Ad-Hoc|iPhoneSimulator.Deploy.0 = Release|Any CPU
		{5396FEC2-DE4F-448D-81AE-45AA3F234872}.Ad-Hoc|x64.ActiveCfg = Release|Any CPU
		{5396FEC2-DE4F-448D-81AE-45AA3F234872}.Ad-Hoc|x64.Build.0 = Release|Any CPU
		{5396FEC2-DE4F-448D-81AE-45AA3F234872}.Ad-Hoc|x64.Deploy.0 = Release|Any CPU
		{5396FEC2-DE4F-448D-81AE-45AA3F234872}.Ad-Hoc|x86.ActiveCfg = Release|Any CPU
		{5396FEC2-DE4F-448D-81AE-45AA3F234872}.Ad-Hoc|x86.Build.0 = Release|Any CPU
		{5396FEC2-DE4F-448D-81AE-45AA3F234872}.Ad-Hoc|x86.Deploy.0 = Release|Any CPU
		{5396FEC2-DE4F-448D-81AE-45AA3F234872}.AppStore|Any CPU.ActiveCfg = Release|Any CPU
		{5396FEC2-DE4F-448D-81AE-45AA3F234872}.AppStore|Any CPU.Build.0 = Release|Any CPU
		{5396FEC2-DE4F-448D-81AE-45AA3F234872}.AppStore|Any CPU.Deploy.0 = Release|Any CPU
		{5396FEC2-DE4F-448D-81AE-45AA3F234872}.AppStore|ARM.ActiveCfg = Release|Any CPU
		{5396FEC2-DE4F-448D-81AE-45AA3F234872}.AppStore|ARM.Build.0 = Release|Any CPU
		{5396FEC2-DE4F-448D-81AE-45AA3F234872}.AppStore|ARM.Deploy.0 = Release|Any CPU
		{5396FEC2-DE4F-448D-81AE-45AA3F234872}.AppStore|iPhone.ActiveCfg = Release|Any CPU
		{5396FEC2-DE4F-448D-81AE-45AA3F234872}.AppStore|iPhone.Build.0 = Release|Any CPU
		{5396FEC2-DE4F-448D-81AE-45AA3F234872}.AppStore|iPhone.Deploy.0 = Release|Any CPU
		{5396FEC2-DE4F-448D-81AE-45AA3F234872}.AppStore|iPhoneSimulator.ActiveCfg = Release|Any CPU
		{5396FEC2-DE4F-448D-81AE-45AA3F234872}.AppStore|iPhoneSimulator.Build.0 = Release|Any CPU
		{5396FEC2-DE4F-448D-81AE-45AA3F234872}.AppStore|iPhoneSimulator.Deploy.0 = Release|Any CPU
		{5396FEC2-DE4F-448D-81AE-45AA3F234872}.AppStore|x64.ActiveCfg = Release|Any CPU
		{5396FEC2-DE4F-448D-81AE-45AA3F234872}.AppStore|x64.Build.0 = Release|Any CPU
		{5396FEC2-DE4F-448D-81AE-45AA3F234872}.AppStore|x64.Deploy.0 = Release|Any CPU
		{5396FEC2-DE4F-448D-81AE-45AA3F234872}.AppStore|x86.ActiveCfg = Release|Any CPU
		{5396FEC2-DE4F-448D-81AE-45AA3F234872}.AppStore|x86.Build.0 = Release|Any CPU
		{5396FEC2-DE4F-448D-81AE-45AA3F234872}.AppStore|x86.Deploy.0 = Release|Any CPU
		{5396FEC2-DE4F-448D-81AE-45AA3F234872}.Debug|Any CPU.ActiveCfg = Debug|Any CPU
		{5396FEC2-DE4F-448D-81AE-45AA3F234872}.Debug|Any CPU.Build.0 = Debug|Any CPU
		{5396FEC2-DE4F-448D-81AE-45AA3F234872}.Debug|Any CPU.Deploy.0 = Debug|Any CPU
		{5396FEC2-DE4F-448D-81AE-45AA3F234872}.Debug|ARM.ActiveCfg = Debug|Any CPU
		{5396FEC2-DE4F-448D-81AE-45AA3F234872}.Debug|ARM.Build.0 = Debug|Any CPU
		{5396FEC2-DE4F-448D-81AE-45AA3F234872}.Debug|ARM.Deploy.0 = Debug|Any CPU
		{5396FEC2-DE4F-448D-81AE-45AA3F234872}.Debug|iPhone.ActiveCfg = Debug|Any CPU
		{5396FEC2-DE4F-448D-81AE-45AA3F234872}.Debug|iPhone.Build.0 = Debug|Any CPU
		{5396FEC2-DE4F-448D-81AE-45AA3F234872}.Debug|iPhone.Deploy.0 = Debug|Any CPU
		{5396FEC2-DE4F-448D-81AE-45AA3F234872}.Debug|iPhoneSimulator.ActiveCfg = Debug|Any CPU
		{5396FEC2-DE4F-448D-81AE-45AA3F234872}.Debug|iPhoneSimulator.Build.0 = Debug|Any CPU
		{5396FEC2-DE4F-448D-81AE-45AA3F234872}.Debug|iPhoneSimulator.Deploy.0 = Debug|Any CPU
		{5396FEC2-DE4F-448D-81AE-45AA3F234872}.Debug|x64.ActiveCfg = Debug|Any CPU
		{5396FEC2-DE4F-448D-81AE-45AA3F234872}.Debug|x64.Build.0 = Debug|Any CPU
		{5396FEC2-DE4F-448D-81AE-45AA3F234872}.Debug|x64.Deploy.0 = Debug|Any CPU
		{5396FEC2-DE4F-448D-81AE-45AA3F234872}.Debug|x86.ActiveCfg = Debug|Any CPU
		{5396FEC2-DE4F-448D-81AE-45AA3F234872}.Debug|x86.Build.0 = Debug|Any CPU
		{5396FEC2-DE4F-448D-81AE-45AA3F234872}.Debug|x86.Deploy.0 = Debug|Any CPU
		{5396FEC2-DE4F-448D-81AE-45AA3F234872}.Release|Any CPU.ActiveCfg = Release|Any CPU
		{5396FEC2-DE4F-448D-81AE-45AA3F234872}.Release|Any CPU.Build.0 = Release|Any CPU
		{5396FEC2-DE4F-448D-81AE-45AA3F234872}.Release|Any CPU.Deploy.0 = Release|Any CPU
		{5396FEC2-DE4F-448D-81AE-45AA3F234872}.Release|ARM.ActiveCfg = Release|Any CPU
		{5396FEC2-DE4F-448D-81AE-45AA3F234872}.Release|ARM.Build.0 = Release|Any CPU
		{5396FEC2-DE4F-448D-81AE-45AA3F234872}.Release|ARM.Deploy.0 = Release|Any CPU
		{5396FEC2-DE4F-448D-81AE-45AA3F234872}.Release|iPhone.ActiveCfg = Release|Any CPU
		{5396FEC2-DE4F-448D-81AE-45AA3F234872}.Release|iPhone.Build.0 = Release|Any CPU
		{5396FEC2-DE4F-448D-81AE-45AA3F234872}.Release|iPhone.Deploy.0 = Release|Any CPU
		{5396FEC2-DE4F-448D-81AE-45AA3F234872}.Release|iPhoneSimulator.ActiveCfg = Release|Any CPU
		{5396FEC2-DE4F-448D-81AE-45AA3F234872}.Release|iPhoneSimulator.Build.0 = Release|Any CPU
		{5396FEC2-DE4F-448D-81AE-45AA3F234872}.Release|iPhoneSimulator.Deploy.0 = Release|Any CPU
		{5396FEC2-DE4F-448D-81AE-45AA3F234872}.Release|x64.ActiveCfg = Release|Any CPU
		{5396FEC2-DE4F-448D-81AE-45AA3F234872}.Release|x64.Build.0 = Release|Any CPU
		{5396FEC2-DE4F-448D-81AE-45AA3F234872}.Release|x64.Deploy.0 = Release|Any CPU
		{5396FEC2-DE4F-448D-81AE-45AA3F234872}.Release|x86.ActiveCfg = Release|Any CPU
		{5396FEC2-DE4F-448D-81AE-45AA3F234872}.Release|x86.Build.0 = Release|Any CPU
		{5396FEC2-DE4F-448D-81AE-45AA3F234872}.Release|x86.Deploy.0 = Release|Any CPU
		{DD470D69-6BC8-4711-B253-7A94DF8A7A2D}.Ad-Hoc|Any CPU.ActiveCfg = Release|Any CPU
		{DD470D69-6BC8-4711-B253-7A94DF8A7A2D}.Ad-Hoc|Any CPU.Build.0 = Release|Any CPU
		{DD470D69-6BC8-4711-B253-7A94DF8A7A2D}.Ad-Hoc|ARM.ActiveCfg = Release|Any CPU
		{DD470D69-6BC8-4711-B253-7A94DF8A7A2D}.Ad-Hoc|ARM.Build.0 = Release|Any CPU
		{DD470D69-6BC8-4711-B253-7A94DF8A7A2D}.Ad-Hoc|iPhone.ActiveCfg = Release|Any CPU
		{DD470D69-6BC8-4711-B253-7A94DF8A7A2D}.Ad-Hoc|iPhone.Build.0 = Release|Any CPU
		{DD470D69-6BC8-4711-B253-7A94DF8A7A2D}.Ad-Hoc|iPhoneSimulator.ActiveCfg = Release|Any CPU
		{DD470D69-6BC8-4711-B253-7A94DF8A7A2D}.Ad-Hoc|iPhoneSimulator.Build.0 = Release|Any CPU
		{DD470D69-6BC8-4711-B253-7A94DF8A7A2D}.Ad-Hoc|x64.ActiveCfg = Release|Any CPU
		{DD470D69-6BC8-4711-B253-7A94DF8A7A2D}.Ad-Hoc|x64.Build.0 = Release|Any CPU
		{DD470D69-6BC8-4711-B253-7A94DF8A7A2D}.Ad-Hoc|x86.ActiveCfg = Release|Any CPU
		{DD470D69-6BC8-4711-B253-7A94DF8A7A2D}.Ad-Hoc|x86.Build.0 = Release|Any CPU
		{DD470D69-6BC8-4711-B253-7A94DF8A7A2D}.AppStore|Any CPU.ActiveCfg = Release|Any CPU
		{DD470D69-6BC8-4711-B253-7A94DF8A7A2D}.AppStore|Any CPU.Build.0 = Release|Any CPU
		{DD470D69-6BC8-4711-B253-7A94DF8A7A2D}.AppStore|ARM.ActiveCfg = Release|Any CPU
		{DD470D69-6BC8-4711-B253-7A94DF8A7A2D}.AppStore|ARM.Build.0 = Release|Any CPU
		{DD470D69-6BC8-4711-B253-7A94DF8A7A2D}.AppStore|iPhone.ActiveCfg = Release|Any CPU
		{DD470D69-6BC8-4711-B253-7A94DF8A7A2D}.AppStore|iPhone.Build.0 = Release|Any CPU
		{DD470D69-6BC8-4711-B253-7A94DF8A7A2D}.AppStore|iPhoneSimulator.ActiveCfg = Release|Any CPU
		{DD470D69-6BC8-4711-B253-7A94DF8A7A2D}.AppStore|iPhoneSimulator.Build.0 = Release|Any CPU
		{DD470D69-6BC8-4711-B253-7A94DF8A7A2D}.AppStore|x64.ActiveCfg = Release|Any CPU
		{DD470D69-6BC8-4711-B253-7A94DF8A7A2D}.AppStore|x64.Build.0 = Release|Any CPU
		{DD470D69-6BC8-4711-B253-7A94DF8A7A2D}.AppStore|x86.ActiveCfg = Release|Any CPU
		{DD470D69-6BC8-4711-B253-7A94DF8A7A2D}.AppStore|x86.Build.0 = Release|Any CPU
		{DD470D69-6BC8-4711-B253-7A94DF8A7A2D}.Debug|Any CPU.ActiveCfg = Debug|Any CPU
		{DD470D69-6BC8-4711-B253-7A94DF8A7A2D}.Debug|Any CPU.Build.0 = Debug|Any CPU
		{DD470D69-6BC8-4711-B253-7A94DF8A7A2D}.Debug|ARM.ActiveCfg = Debug|Any CPU
		{DD470D69-6BC8-4711-B253-7A94DF8A7A2D}.Debug|ARM.Build.0 = Debug|Any CPU
		{DD470D69-6BC8-4711-B253-7A94DF8A7A2D}.Debug|iPhone.ActiveCfg = Debug|Any CPU
		{DD470D69-6BC8-4711-B253-7A94DF8A7A2D}.Debug|iPhone.Build.0 = Debug|Any CPU
		{DD470D69-6BC8-4711-B253-7A94DF8A7A2D}.Debug|iPhoneSimulator.ActiveCfg = Debug|Any CPU
		{DD470D69-6BC8-4711-B253-7A94DF8A7A2D}.Debug|iPhoneSimulator.Build.0 = Debug|Any CPU
		{DD470D69-6BC8-4711-B253-7A94DF8A7A2D}.Debug|x64.ActiveCfg = Debug|Any CPU
		{DD470D69-6BC8-4711-B253-7A94DF8A7A2D}.Debug|x64.Build.0 = Debug|Any CPU
		{DD470D69-6BC8-4711-B253-7A94DF8A7A2D}.Debug|x86.ActiveCfg = Debug|Any CPU
		{DD470D69-6BC8-4711-B253-7A94DF8A7A2D}.Debug|x86.Build.0 = Debug|Any CPU
		{DD470D69-6BC8-4711-B253-7A94DF8A7A2D}.Release|Any CPU.ActiveCfg = Release|Any CPU
		{DD470D69-6BC8-4711-B253-7A94DF8A7A2D}.Release|Any CPU.Build.0 = Release|Any CPU
		{DD470D69-6BC8-4711-B253-7A94DF8A7A2D}.Release|ARM.ActiveCfg = Release|Any CPU
		{DD470D69-6BC8-4711-B253-7A94DF8A7A2D}.Release|ARM.Build.0 = Release|Any CPU
		{DD470D69-6BC8-4711-B253-7A94DF8A7A2D}.Release|iPhone.ActiveCfg = Release|Any CPU
		{DD470D69-6BC8-4711-B253-7A94DF8A7A2D}.Release|iPhone.Build.0 = Release|Any CPU
		{DD470D69-6BC8-4711-B253-7A94DF8A7A2D}.Release|iPhoneSimulator.ActiveCfg = Release|Any CPU
		{DD470D69-6BC8-4711-B253-7A94DF8A7A2D}.Release|iPhoneSimulator.Build.0 = Release|Any CPU
		{DD470D69-6BC8-4711-B253-7A94DF8A7A2D}.Release|x64.ActiveCfg = Release|Any CPU
		{DD470D69-6BC8-4711-B253-7A94DF8A7A2D}.Release|x64.Build.0 = Release|Any CPU
		{DD470D69-6BC8-4711-B253-7A94DF8A7A2D}.Release|x86.ActiveCfg = Release|Any CPU
		{DD470D69-6BC8-4711-B253-7A94DF8A7A2D}.Release|x86.Build.0 = Release|Any CPU
	EndGlobalSection
	GlobalSection(SolutionProperties) = preSolution
		HideSolutionNode = FALSE
	EndGlobalSection
	GlobalSection(NestedProjects) = preSolution
		{562E7F1C-F674-4D97-9519-233D719FA5ED} = {A8053CE3-B940-4745-BE60-F26EFB6CBE4E}
		{5396FEC2-DE4F-448D-81AE-45AA3F234872} = {A8053CE3-B940-4745-BE60-F26EFB6CBE4E}
		{DD470D69-6BC8-4711-B253-7A94DF8A7A2D} = {A8053CE3-B940-4745-BE60-F26EFB6CBE4E}
	EndGlobalSection
EndGlobal
